
Microsoft Visual Studio Solution File, Format Version 12.00
# Visual Studio Version 16
VisualStudioVersion = 16.0.30717.126
MinimumVisualStudioVersion = 10.0.40219.1
Project("{2150E333-8FDC-42A3-9474-1A3956D46DE8}") = "Documents", "Documents", "{5D8D9E9D-C66E-4D86-B4F0-826B1A6333BA}"
	ProjectSection(SolutionItems) = preProject
		GroceryDb.sql = GroceryDb.sql
		readme.txt = readme.txt
	EndProjectSection
EndProject
Project("{9A19103F-16F7-4668-BE54-9A1E7A4F7556}") = "Grocery.WebApp", "Grocery.WebApp\Grocery.WebApp.csproj", "{B452F454-5D5E-4DA0-A4AF-3AE76D59CFA0}"
EndProject
Global
	GlobalSection(SolutionConfigurationPlatforms) = preSolution
		Debug|Any CPU = Debug|Any CPU
		Release|Any CPU = Release|Any CPU
	EndGlobalSection
	GlobalSection(ProjectConfigurationPlatforms) = postSolution
		{B452F454-5D5E-4DA0-A4AF-3AE76D59CFA0}.Debug|Any CPU.ActiveCfg = Debug|Any CPU
		{B452F454-5D5E-4DA0-A4AF-3AE76D59CFA0}.Debug|Any CPU.Build.0 = Debug|Any CPU
		{B452F454-5D5E-4DA0-A4AF-3AE76D59CFA0}.Release|Any CPU.ActiveCfg = Release|Any CPU
		{B452F454-5D5E-4DA0-A4AF-3AE76D59CFA0}.Release|Any CPU.Build.0 = Release|Any CPU
	EndGlobalSection
	GlobalSection(SolutionProperties) = preSolution
		HideSolutionNode = FALSE
	EndGlobalSection
	GlobalSection(ExtensibilityGlobals) = postSolution
		SolutionGuid = {CEB10B28-4DCC-4DCD-B81C-D19A307A1F8A}
	EndGlobalSection
EndGlobal
